Microsoft Visual Studio Solution File, Format Version 10.00
# Visual Studio 2008
Project("{8BC9CEB8-8B4A-11D0-8D11-00A0C91BC942}") = "dtloader", "dtloader.vcproj", "{C9F7FAF5-6EB2-4BFD-A839-25A8A6389893}"
EndProject
Global
	GlobalSection(SolutionConfigurationPlatforms) = preSolution
		Debug|Win32 = Debug|Win32
		Debug|x64 = Debug|x64
		DebugAMD64|Win32 = DebugAMD64|Win32
		DebugAMD64|x64 = DebugAMD64|x64
		Release|Win32 = Release|Win32
		Release|x64 = Release|x64
		ReleaseAMD64|Win32 = ReleaseAMD64|Win32
		ReleaseAMD64|x64 = ReleaseAMD64|x64
	EndGlobalSection
	GlobalSection(ProjectConfigurationPlatforms) = postSolution
		{C9F7FAF5-6EB2-4BFD-A839-25A8A6389893}.Debug|Win32.ActiveCfg = Debug|Win32
		{C9F7FAF5-6EB2-4BFD-A839-25A8A6389893}.Debug|Win32.Build.0 = Debug|Win32
		{C9F7FAF5-6EB2-4BFD-A839-25A8A6389893}.Debug|x64.ActiveCfg = Debug|x64
		{C9F7FAF5-6EB2-4BFD-A839-25A8A6389893}.Debug|x64.Build.0 = Debug|x64
		{C9F7FAF5-6EB2-4BFD-A839-25A8A6389893}.DebugAMD64|Win32.ActiveCfg = DebugAMD64|x64
		{C9F7FAF5-6EB2-4BFD-A839-25A8A6389893}.DebugAMD64|Win32.Build.0 = DebugAMD64|x64
		{C9F7FAF5-6EB2-4BFD-A839-25A8A6389893}.DebugAMD64|x64.ActiveCfg = DebugAMD64|x64
		{C9F7FAF5-6EB2-4BFD-A839-25A8A6389893}.DebugAMD64|x64.Build.0 = DebugAMD64|x64
		{C9F7FAF5-6EB2-4BFD-A839-25A8A6389893}.Release|Win32.ActiveCfg = Release|Win32
		{C9F7FAF5-6EB2-4BFD-A839-25A8A6389893}.Release|Win32.Build.0 = Release|Win32
		{C9F7FAF5-6EB2-4BFD-A839-25A8A6389893}.Release|x64.ActiveCfg = Release|x64
		{C9F7FAF5-6EB2-4BFD-A839-25A8A6389893}.Release|x64.Build.0 = Release|x64
		{C9F7FAF5-6EB2-4BFD-A839-25A8A6389893}.ReleaseAMD64|Win32.ActiveCfg = ReleaseAMD64|x64
		{C9F7FAF5-6EB2-4BFD-A839-25A8A6389893}.ReleaseAMD64|Win32.Build.0 = ReleaseAMD64|x64
		{C9F7FAF5-6EB2-4BFD-A839-25A8A6389893}.ReleaseAMD64|x64.ActiveCfg = ReleaseAMD64|x64
		{C9F7FAF5-6EB2-4BFD-A839-25A8A6389893}.ReleaseAMD64|x64.Build.0 = ReleaseAMD64|x64
	EndGlobalSection
	GlobalSection(SolutionProperties) = preSolution
		HideSolutionNode = FALSE
	EndGlobalSection
EndGlobal
